{
  "nodes": {
    "cachix": {
      "locked": {
        "lastModified": 1610637514,
        "narHash": "sha256-XZkdjPTTek6nc1N6jKiDybp7p3gdKL/NhS7g8nm7iKI=",
        "owner": "nixos",
        "repo": "nixpkgs",
        "rev": "3d8fa5f72158b866804ab30f42f6937bf25e420f",
        "type": "github"
      },
      "original": {
        "owner": "nixos",
        "ref": "nixos-20.09",
        "repo": "nixpkgs",
        "type": "github"
      }
    },
    "cachix_2": {
      "locked": {
        "lastModified": 1610637514,
        "narHash": "sha256-XZkdjPTTek6nc1N6jKiDybp7p3gdKL/NhS7g8nm7iKI=",
        "owner": "nixos",
        "repo": "nixpkgs",
        "rev": "3d8fa5f72158b866804ab30f42f6937bf25e420f",
        "type": "github"
      },
      "original": {
        "owner": "nixos",
        "ref": "nixos-20.09",
        "repo": "nixpkgs",
        "type": "github"
      }
    },
    "emacs": {
      "locked": {
        "lastModified": 1610713605,
        "narHash": "sha256-tR4wqRMTOW1FmLfi+YaK60TuW+PVdUjZBHjKIrZVwnk=",
        "owner": "nix-community",
        "repo": "emacs-overlay",
        "rev": "f0c451352670dad32eb7ca0c63e0dcfbd8fb99ac",
        "type": "github"
      },
      "original": {
        "owner": "nix-community",
        "repo": "emacs-overlay",
        "type": "github"
      }
    },
    "firefox": {
      "inputs": {
        "cachix": "cachix",
        "mozilla": "mozilla",
        "nixpkgs": [
          "nixpkgs"
        ]
      },
      "locked": {
        "lastModified": 1610715921,
        "narHash": "sha256-rTysNEY4i9tMVFEibZ2qLleyWn8sRxdblzUH5D1PQ4E=",
        "owner": "colemickens",
        "repo": "flake-firefox-nightly",
        "rev": "5aff7b5a589f5edcf86bc6fb018c8d7ccfeb0813",
        "type": "github"
      },
      "original": {
        "owner": "colemickens",
        "repo": "flake-firefox-nightly",
        "type": "github"
      }
    },
    "flake-compat": {
      "flake": false,
      "locked": {
        "lastModified": 1606424373,
        "narHash": "sha256-oq8d4//CJOrVj+EcOaSXvMebvuTkmBJuT5tzlfewUnQ=",
        "owner": "edolstra",
        "repo": "flake-compat",
        "rev": "99f1c2157fba4bfe6211a321fd0ee43199025dbf",
        "type": "github"
      },
      "original": {
        "owner": "edolstra",
        "repo": "flake-compat",
        "type": "github"
      }
    },
    "flake-utils": {
      "locked": {
        "lastModified": 1610051610,
        "narHash": "sha256-U9rPz/usA1/Aohhk7Cmc2gBrEEKRzcW4nwPWMPwja4Y=",
        "owner": "numtide",
        "repo": "flake-utils",
        "rev": "3982c9903e93927c2164caa727cd3f6a0e6d14cc",
        "type": "github"
      },
      "original": {
        "owner": "numtide",
        "repo": "flake-utils",
        "type": "github"
      }
    },
    "gitignore": {
      "flake": false,
      "locked": {
        "lastModified": 1594969032,
        "narHash": "sha256-nbZfz02QoVe1yYK7EtCV7wMi4VdHzZEoPg20ZSDo9to=",
        "owner": "hercules-ci",
        "repo": "gitignore.nix",
        "rev": "c4662e662462e7bf3c2a968483478a665d00e717",
        "type": "github"
      },
      "original": {
        "owner": "hercules-ci",
        "repo": "gitignore.nix",
        "type": "github"
      }
    },
    "home-manager": {
      "inputs": {
        "nixpkgs": [
          "nixpkgs"
        ]
      },
      "locked": {
        "lastModified": 1610454723,
        "narHash": "sha256-krxWl7xc0dXNImghYdPHsPPqWfdqJvlUk3VKCACzj9o=",
        "owner": "nix-community",
        "repo": "home-manager",
        "rev": "4b772fd6988dd206f0ed4cb1b2d7c4c6d4f0f455",
        "type": "github"
      },
      "original": {
        "owner": "nix-community",
        "repo": "home-manager",
        "type": "github"
      }
    },
    "master": {
      "locked": {
        "lastModified": 1610717031,
        "narHash": "sha256-R5yYp/F+Lai6QTLTVOTyiqKqT0z7WAulCHAF34B7TnE=",
        "owner": "nixos",
        "repo": "nixpkgs",
        "rev": "9797139cbb3085d0ab5c13bad8b56c1d67cc085a",
        "type": "github"
      },
      "original": {
        "owner": "nixos",
        "ref": "master",
        "repo": "nixpkgs",
        "type": "github"
      }
    },
    "mozilla": {
      "flake": false,
      "locked": {
        "lastModified": 1603906276,
        "narHash": "sha256-RsNPnEKd7BcogwkqhaV5kI/HuNC4flH/OQCC/4W5y/8=",
        "owner": "mozilla",
        "repo": "nixpkgs-mozilla",
        "rev": "8c007b60731c07dd7a052cce508de3bb1ae849b4",
        "type": "github"
      },
      "original": {
        "owner": "mozilla",
        "repo": "nixpkgs-mozilla",
        "type": "github"
      }
    },
    "my-nixpkgs": {
      "locked": {
        "lastModified": 1610035599,
        "narHash": "sha256-RYv6Ytr0+lm4STuo780IK8R9/NridjzTtRrG9CqVCSE=",
        "owner": "Kazimazi",
        "repo": "nixpkgs",
        "rev": "2b88da34e451d0b21fcba72f88d132e9e0d3d895",
        "type": "github"
      },
      "original": {
        "owner": "Kazimazi",
        "ref": "master",
        "repo": "nixpkgs",
        "type": "github"
      }
    },
    "neovim-nightly": {
      "flake": false,
      "locked": {
        "lastModified": 1610675790,
        "narHash": "sha256-LWfKqvThzpf+SmK8nUJQzX2hy5oVOXErWCmR3o0AlTo=",
        "owner": "neovim",
        "repo": "neovim",
        "rev": "0fad952a2b7d90d2c3215e8e3c50ae62233e2158",
        "type": "github"
      },
      "original": {
        "owner": "neovim",
        "repo": "neovim",
        "type": "github"
      }
    },
    "neovim-nightly-overlay": {
      "inputs": {
        "flake-compat": "flake-compat",
        "flake-utils": "flake-utils",
        "gitignore": "gitignore",
        "neovim-nightly": "neovim-nightly",
        "nixpkgs": "nixpkgs",
        "pre-commit-hooks": "pre-commit-hooks"
      },
      "locked": {
        "lastModified": 1610699660,
        "narHash": "sha256-prKOkqVm5grgPnuZeg0dJYmIEa5QyFgP5d+2b/hglYA=",
        "owner": "nix-community",
        "repo": "neovim-nightly-overlay",
        "rev": "02d0a50ff365a4049d686082e5464865b3d6eec5",
        "type": "github"
      },
      "original": {
        "owner": "nix-community",
        "repo": "neovim-nightly-overlay",
        "type": "github"
      }
    },
    "nixpkgs": {
      "locked": {
        "lastModified": 1610630791,
        "narHash": "sha256-HSajBsx6ygmii/MlJ40bWdpsjgqymBXe6Fg4twEqMSY=",
        "owner": "nixos",
        "repo": "nixpkgs",
        "rev": "956afcd713a4f94a4acb4460d339dc638bac3d0a",
        "type": "github"
      },
      "original": {
        "owner": "nixos",
        "ref": "nixpkgs-unstable",
        "repo": "nixpkgs",
        "type": "github"
      }
    },
    "nixpkgs-wayland": {
      "inputs": {
        "cachix": "cachix_2",
        "nixpkgs": [
          "nixpkgs"
        ],
        "unstableSmall": "unstableSmall"
      },
      "locked": {
        "lastModified": 1610712307,
        "narHash": "sha256-htE5ivbYOd69CitLoBBLc7kPNCZNzFTclU3Z/h/keJ0=",
        "owner": "colemickens",
        "repo": "nixpkgs-wayland",
        "rev": "4790b498bb6be7e6edb1672cbe87a6ff08251543",
        "type": "github"
      },
      "original": {
        "owner": "colemickens",
        "repo": "nixpkgs-wayland",
        "type": "github"
      }
    },
    "nixpkgs_2": {
      "locked": {
        "lastModified": 1610219734,
        "narHash": "sha256-hCsGe2nDz+SX4uO+lj0qPVcSGZdt52R9Yk5MOYs4djw=",
        "owner": "nixos",
        "repo": "nixpkgs",
        "rev": "257cbbcd3ab7bd96f5d24d50adc807de7c82e06d",
        "type": "github"
      },
      "original": {
        "owner": "nixos",
        "ref": "nixos-unstable",
        "repo": "nixpkgs",
        "type": "github"
      }
    },
    "nur": {
      "locked": {
        "lastModified": 1610706946,
        "narHash": "sha256-BbbMDueZwSRiiKGQ9jwSiumTZq/HOPqwZm5JFAhBZPg=",
        "owner": "nix-community",
        "repo": "NUR",
        "rev": "2295ec44b00fb20dd1587080fc8f6f794f791181",
        "type": "github"
      },
      "original": {
        "owner": "nix-community",
        "repo": "NUR",
        "type": "github"
      }
    },
    "pre-commit-hooks": {
      "flake": false,
      "locked": {
        "lastModified": 1609781048,
        "narHash": "sha256-RTu4NDdAgwv83aFFJDnUkQFl/7giDSeEtQ/N17xxiXY=",
        "owner": "cachix",
        "repo": "pre-commit-hooks.nix",
        "rev": "c7e3896e35ceea480a7484ec1709be7bdda8849d",
        "type": "github"
      },
      "original": {
        "owner": "cachix",
        "repo": "pre-commit-hooks.nix",
        "type": "github"
      }
    },
    "root": {
      "inputs": {
        "emacs": "emacs",
        "firefox": "firefox",
        "home-manager": "home-manager",
        "master": "master",
        "my-nixpkgs": "my-nixpkgs",
        "neovim-nightly-overlay": "neovim-nightly-overlay",
        "nixpkgs": "nixpkgs_2",
        "nixpkgs-wayland": "nixpkgs-wayland",
        "nur": "nur",
        "stable": "stable"
      }
    },
    "stable": {
      "locked": {
        "lastModified": 1610666281,
        "narHash": "sha256-tUvpiAqEWxwgUkpQpRuSa814tblScsY+gCvfy5oR0Ts=",
        "owner": "nixos",
        "repo": "nixpkgs",
        "rev": "352481146d87aa2d277ea696657aa7db5378b90f",
        "type": "github"
      },
      "original": {
        "owner": "nixos",
        "ref": "nixos-20.09",
        "repo": "nixpkgs",
        "type": "github"
      }
    },
    "unstableSmall": {
      "locked": {
        "lastModified": 1610667074,
        "narHash": "sha256-KCAa6I9TqF9PWlhuGvP3VXFli54ovHn13FV6czVF8/8=",
        "owner": "nixos",
        "repo": "nixpkgs",
        "rev": "3be09b94fb98961eff4d98749c74db311f931bd2",
        "type": "github"
      },
      "original": {
        "owner": "nixos",
        "ref": "nixos-unstable-small",
        "repo": "nixpkgs",
        "type": "github"
      }
    }
  },
  "root": "root",
  "version": 7
}
