{
  "nodes": {
    "cachix": {
      "locked": {
        "lastModified": 1608560866,
        "narHash": "sha256-pUEPHLXHOeFdpyw3TENsRiSyMrFGrBTAgTInv7IeFqo=",
        "owner": "nixos",
        "repo": "nixpkgs",
        "rev": "a3a3dda3bacf61e8a39258a0ed9c924eeca8e293",
        "type": "github"
      },
      "original": {
        "owner": "nixos",
        "ref": "nixos-20.09",
        "repo": "nixpkgs",
        "type": "github"
      }
    },
    "cachix_2": {
      "locked": {
        "lastModified": 1608560866,
        "narHash": "sha256-pUEPHLXHOeFdpyw3TENsRiSyMrFGrBTAgTInv7IeFqo=",
        "owner": "nixos",
        "repo": "nixpkgs",
        "rev": "a3a3dda3bacf61e8a39258a0ed9c924eeca8e293",
        "type": "github"
      },
      "original": {
        "owner": "nixos",
        "ref": "nixos-20.09",
        "repo": "nixpkgs",
        "type": "github"
      }
    },
    "emacs": {
      "locked": {
        "lastModified": 1608769177,
        "narHash": "sha256-gpBlO5hBB632LiCLSkfQyUhjZ0eN2rCHpCn7gdl0bI0=",
        "owner": "nix-community",
        "repo": "emacs-overlay",
        "rev": "48efc8fea3491d51fa29cddbff5e78091378600c",
        "type": "github"
      },
      "original": {
        "owner": "nix-community",
        "repo": "emacs-overlay",
        "type": "github"
      }
    },
    "firefox": {
      "inputs": {
        "cachix": "cachix",
        "mozilla": "mozilla",
        "nixpkgs": [
          "nixpkgs"
        ]
      },
      "locked": {
        "lastModified": 1608650087,
        "narHash": "sha256-SSwRQ9GVr2v3ixlXfCdkoV77vgurtR6iXGblZc5ynzE=",
        "owner": "colemickens",
        "repo": "flake-firefox-nightly",
        "rev": "8425c42654da2f514aa6d610051c4c9822ccae63",
        "type": "github"
      },
      "original": {
        "owner": "colemickens",
        "repo": "flake-firefox-nightly",
        "type": "github"
      }
    },
    "home-manager": {
      "inputs": {
        "nixpkgs": [
          "nixpkgs"
        ]
      },
      "locked": {
        "lastModified": 1608681543,
        "narHash": "sha256-6YNP8GBG0nhqLMQVkCBxRirTYaaGhI8gKCwgcJ5+sLc=",
        "owner": "nix-community",
        "repo": "home-manager",
        "rev": "3627ec4de58d7fbda13c82dfec94eace10198f23",
        "type": "github"
      },
      "original": {
        "owner": "nix-community",
        "repo": "home-manager",
        "type": "github"
      }
    },
    "master": {
      "locked": {
        "lastModified": 1609381156,
        "narHash": "sha256-Fm47pwDLX5elWxPFZJRtvynmxbn76kFtRyUtTTwJXdc=",
        "owner": "nixos",
        "repo": "nixpkgs",
        "rev": "70a061bd6c5ff08c0f540e5f06cd1e91b717ce25",
        "type": "github"
      },
      "original": {
        "owner": "nixos",
        "ref": "master",
        "repo": "nixpkgs",
        "type": "github"
      }
    },
    "mozilla": {
      "flake": false,
      "locked": {
        "lastModified": 1603906276,
        "narHash": "sha256-RsNPnEKd7BcogwkqhaV5kI/HuNC4flH/OQCC/4W5y/8=",
        "owner": "mozilla",
        "repo": "nixpkgs-mozilla",
        "rev": "8c007b60731c07dd7a052cce508de3bb1ae849b4",
        "type": "github"
      },
      "original": {
        "owner": "mozilla",
        "repo": "nixpkgs-mozilla",
        "type": "github"
      }
    },
    "nixpkgs": {
      "locked": {
        "lastModified": 1607522989,
        "narHash": "sha256-o/jWhOSAlaK7y2M57OIriRt6whuVVocS/T0mG7fd1TI=",
        "owner": "nixos",
        "repo": "nixpkgs",
        "rev": "e9158eca70ae59e73fae23be5d13d3fa0cfc78b4",
        "type": "github"
      },
      "original": {
        "owner": "nixos",
        "ref": "nixos-unstable",
        "repo": "nixpkgs",
        "type": "github"
      }
    },
    "nixpkgs-wayland": {
      "inputs": {
        "cachix": "cachix_2",
        "nixpkgs": "nixpkgs_2",
        "unstableSmall": "unstableSmall"
      },
      "locked": {
        "lastModified": 1608653800,
        "narHash": "sha256-PNmfiYsvCzQsw3T8JsxuXhH/C0Qn+HRK3/OJo3mqidA=",
        "owner": "colemickens",
        "repo": "nixpkgs-wayland",
        "rev": "b9db16d610dc1ce6087cf4070e6394a11d0115fc",
        "type": "github"
      },
      "original": {
        "owner": "colemickens",
        "repo": "nixpkgs-wayland",
        "type": "github"
      }
    },
    "nixpkgs_2": {
      "locked": {
        "lastModified": 1607522989,
        "narHash": "sha256-o/jWhOSAlaK7y2M57OIriRt6whuVVocS/T0mG7fd1TI=",
        "owner": "nixos",
        "repo": "nixpkgs",
        "rev": "e9158eca70ae59e73fae23be5d13d3fa0cfc78b4",
        "type": "github"
      },
      "original": {
        "owner": "nixos",
        "ref": "nixos-unstable",
        "repo": "nixpkgs",
        "type": "github"
      }
    },
    "nur": {
      "locked": {
        "lastModified": 1608768285,
        "narHash": "sha256-n4QTwHFJVIhlcA/0L1KHRce/VkwVL6wm81BfyZjAjvw=",
        "owner": "nix-community",
        "repo": "NUR",
        "rev": "8d4627275ee27110059418cc1f20c80100a9dae1",
        "type": "github"
      },
      "original": {
        "owner": "nix-community",
        "repo": "NUR",
        "type": "github"
      }
    },
    "root": {
      "inputs": {
        "emacs": "emacs",
        "firefox": "firefox",
        "home-manager": "home-manager",
        "master": "master",
        "nixpkgs": "nixpkgs",
        "nixpkgs-wayland": "nixpkgs-wayland",
        "nur": "nur"
      }
    },
    "unstableSmall": {
      "locked": {
        "lastModified": 1608607348,
        "narHash": "sha256-YhosbEk2QhdTCT3dbuwC3pXWfaLifL/SaWbH9euo2rw=",
        "owner": "nixos",
        "repo": "nixpkgs",
        "rev": "af5b6f9ffdb8fd89776b110cfcd145932a2a8439",
        "type": "github"
      },
      "original": {
        "owner": "nixos",
        "ref": "nixos-unstable-small",
        "repo": "nixpkgs",
        "type": "github"
      }
    }
  },
  "root": "root",
  "version": 7
}
