{
  "nodes": {
    "cachix": {
      "locked": {
        "lastModified": 1617786842,
        "narHash": "sha256-nuhewc9ANLkY2dBc9ikBQmy5EdCPElHbxd/pU96HdG0=",
        "owner": "nixos",
        "repo": "nixpkgs",
        "rev": "d6f63659a7021051a46035373ed50fbea7e4e924",
        "type": "github"
      },
      "original": {
        "owner": "nixos",
        "ref": "nixos-20.09",
        "repo": "nixpkgs",
        "type": "github"
      }
    },
    "flake-compat": {
      "flake": false,
      "locked": {
        "lastModified": 1606424373,
        "narHash": "sha256-oq8d4//CJOrVj+EcOaSXvMebvuTkmBJuT5tzlfewUnQ=",
        "owner": "edolstra",
        "repo": "flake-compat",
        "rev": "99f1c2157fba4bfe6211a321fd0ee43199025dbf",
        "type": "github"
      },
      "original": {
        "owner": "edolstra",
        "repo": "flake-compat",
        "type": "github"
      }
    },
    "flake-utils": {
      "locked": {
        "lastModified": 1617631617,
        "narHash": "sha256-PARRCz55qN3gy07VJZIlFeOX420d0nGF0RzGI/9hVlw=",
        "owner": "numtide",
        "repo": "flake-utils",
        "rev": "b2c27d1a81b0dc266270fa8aeecebbd1807fc610",
        "type": "github"
      },
      "original": {
        "owner": "numtide",
        "repo": "flake-utils",
        "type": "github"
      }
    },
    "gitignore": {
      "flake": false,
      "locked": {
        "lastModified": 1611672876,
        "narHash": "sha256-qHu3uZ/o9jBHiA3MEKHJ06k7w4heOhA+4HCSIvflRxo=",
        "owner": "hercules-ci",
        "repo": "gitignore.nix",
        "rev": "211907489e9f198594c0eb0ca9256a1949c9d412",
        "type": "github"
      },
      "original": {
        "owner": "hercules-ci",
        "repo": "gitignore.nix",
        "type": "github"
      }
    },
    "home-manager": {
      "inputs": {
        "nixpkgs": [
          "nixpkgs"
        ]
      },
      "locked": {
        "lastModified": 1618041827,
        "narHash": "sha256-17Fzc8rmT6HOarCp+8k9RhmgMorNtzTk/rzew+FqHrA=",
        "owner": "nix-community",
        "repo": "home-manager",
        "rev": "f567ea8228e0ce718871d7346e444dd15ad702e5",
        "type": "github"
      },
      "original": {
        "owner": "nix-community",
        "repo": "home-manager",
        "type": "github"
      }
    },
    "master": {
      "locked": {
        "lastModified": 1618128096,
        "narHash": "sha256-BBIBkSMU1AvKClLRMz6fpC6+CHP5kA5SBzaaEV6AqWc=",
        "owner": "nixos",
        "repo": "nixpkgs",
        "rev": "eb319f74ddd78bef24d41365fb3fdfd97cf7cf31",
        "type": "github"
      },
      "original": {
        "owner": "nixos",
        "ref": "master",
        "repo": "nixpkgs",
        "type": "github"
      }
    },
    "neovim-nightly": {
      "flake": false,
      "locked": {
        "lastModified": 1617989783,
        "narHash": "sha256-+3+wJ2Z9A0skT+EZqfP0tWDEwn6CdzlkxwqagiJ1grQ=",
        "owner": "neovim",
        "repo": "neovim",
        "rev": "1b030f889ccc3be9ced67bcbe3e817f20536d072",
        "type": "github"
      },
      "original": {
        "owner": "neovim",
        "repo": "neovim",
        "type": "github"
      }
    },
    "neovim-nightly-overlay": {
      "inputs": {
        "flake-compat": "flake-compat",
        "flake-utils": "flake-utils",
        "gitignore": "gitignore",
        "neovim-nightly": "neovim-nightly",
        "nixpkgs": "nixpkgs",
        "pre-commit-hooks": "pre-commit-hooks"
      },
      "locked": {
        "lastModified": 1618045550,
        "narHash": "sha256-wmomZaVXsk4dMPJFiz6rRRaFBfBzRpz3Fiudu6FVjbI=",
        "owner": "nix-community",
        "repo": "neovim-nightly-overlay",
        "rev": "ce8007a50f3fae59628461d485d24a8ee7e66e56",
        "type": "github"
      },
      "original": {
        "owner": "nix-community",
        "repo": "neovim-nightly-overlay",
        "type": "github"
      }
    },
    "nixpkgs": {
      "locked": {
        "lastModified": 1617929752,
        "narHash": "sha256-ji0nqJUZp2bfHvO0sKxD24cW6Nk7LyjbPPMxjbJHji0=",
        "owner": "nixos",
        "repo": "nixpkgs",
        "rev": "6fc2b7ecc2a167ce6a6902d5417daf1fa5cac777",
        "type": "github"
      },
      "original": {
        "owner": "nixos",
        "ref": "nixpkgs-unstable",
        "repo": "nixpkgs",
        "type": "github"
      }
    },
    "nixpkgs-wayland": {
      "inputs": {
        "cachix": "cachix",
        "nixpkgs": [
          "nixpkgs"
        ],
        "unstableSmall": "unstableSmall"
      },
      "locked": {
        "lastModified": 1617904961,
        "narHash": "sha256-M45PTFsPZ6mWQ3UxrTUxlO4D+bXaKQuAsjfcpKBcAa4=",
        "owner": "colemickens",
        "repo": "nixpkgs-wayland",
        "rev": "fadd4b3505bca3175f2a00c3e5810ed074b55bb8",
        "type": "github"
      },
      "original": {
        "owner": "colemickens",
        "repo": "nixpkgs-wayland",
        "type": "github"
      }
    },
    "nixpkgs_2": {
      "locked": {
        "lastModified": 1617899217,
        "narHash": "sha256-gd5JHH7IkeoIQ/oiGZSqDpGdGt7DMRJTQ8JiD8+hdOQ=",
        "owner": "nixos",
        "repo": "nixpkgs",
        "rev": "9e377a6ce42dccd9b624ae4ce8f978dc892ba0e2",
        "type": "github"
      },
      "original": {
        "owner": "nixos",
        "ref": "nixos-unstable",
        "repo": "nixpkgs",
        "type": "github"
      }
    },
    "nur": {
      "locked": {
        "lastModified": 1618125203,
        "narHash": "sha256-qG/eSohnvtVm9i4vwCcUc+0LGxyxe9T4B30ea25L2zc=",
        "owner": "nix-community",
        "repo": "NUR",
        "rev": "1449080f270bc40efe24cf2073fee7fd523487c4",
        "type": "github"
      },
      "original": {
        "owner": "nix-community",
        "repo": "NUR",
        "type": "github"
      }
    },
    "pre-commit-hooks": {
      "flake": false,
      "locked": {
        "lastModified": 1617783930,
        "narHash": "sha256-SigoU2LWM1fMggqfM9H8XEIvjOjBVQ/wj/zrn02J28c=",
        "owner": "cachix",
        "repo": "pre-commit-hooks.nix",
        "rev": "2d169bb1b23f3b71a894a66ea81f45c788943248",
        "type": "github"
      },
      "original": {
        "owner": "cachix",
        "repo": "pre-commit-hooks.nix",
        "type": "github"
      }
    },
    "root": {
      "inputs": {
        "home-manager": "home-manager",
        "master": "master",
        "neovim-nightly-overlay": "neovim-nightly-overlay",
        "nixpkgs": "nixpkgs_2",
        "nixpkgs-wayland": "nixpkgs-wayland",
        "nur": "nur",
        "scenebuilder": "scenebuilder",
        "stable": "stable"
      }
    },
    "scenebuilder": {
      "locked": {
        "lastModified": 1617822720,
        "narHash": "sha256-8L4m6yKDCGUYMwOxS5MU9707bSjGfO8Bu/qwtr80ZF8=",
        "owner": "wirew0rm",
        "repo": "nixpkgs",
        "rev": "ddfc9e0dc3dd614c9af0fe1fdab4684b50a28979",
        "type": "github"
      },
      "original": {
        "owner": "wirew0rm",
        "ref": "pkg/scenebuilder",
        "repo": "nixpkgs",
        "type": "github"
      }
    },
    "stable": {
      "locked": {
        "lastModified": 1618064689,
        "narHash": "sha256-MGnHpM3bSd5JClA+1ad+jvcfNr0HrYoGmqCc2s7thkM=",
        "owner": "nixos",
        "repo": "nixpkgs",
        "rev": "ad7604ddbd9b299701fb5e15bc39cff80deffce2",
        "type": "github"
      },
      "original": {
        "owner": "nixos",
        "ref": "nixos-20.09",
        "repo": "nixpkgs",
        "type": "github"
      }
    },
    "unstableSmall": {
      "locked": {
        "lastModified": 1617871556,
        "narHash": "sha256-FmT1iQtcA5M1N0xpw0pvsVX/0z69QP5i4xIshEY5PbM=",
        "owner": "nixos",
        "repo": "nixpkgs",
        "rev": "ff5ff66ef3c0107bd586f3521a9453e2bb4c84d8",
        "type": "github"
      },
      "original": {
        "owner": "nixos",
        "ref": "nixos-unstable-small",
        "repo": "nixpkgs",
        "type": "github"
      }
    }
  },
  "root": "root",
  "version": 7
}
